
Microsoft Visual Studio Solution File, Format Version 12.00
# Visual Studio Version 16
VisualStudioVersion = 16.0.30114.105
MinimumVisualStudioVersion = 10.0.40219.1
Project("{FAE04EC0-301F-11D3-BF4B-00C04F79EFBC}") = "Arithmetic_C Sharp", "Arithmetic_C Sharp\Arithmetic_C Sharp.csproj", "{85ACA942-D0EA-4CFE-A41A-74CC15DF2B30}"
EndProject
Global
	GlobalSection(SolutionConfigurationPlatforms) = preSolution
		Debug|Any CPU = Debug|Any CPU
		Release|Any CPU = Release|Any CPU
	EndGlobalSection
	GlobalSection(ProjectConfigurationPlatforms) = postSolution
		{85ACA942-D0EA-4CFE-A41A-74CC15DF2B30}.Debug|Any CPU.ActiveCfg = Debug|Any CPU
		{85ACA942-D0EA-4CFE-A41A-74CC15DF2B30}.Debug|Any CPU.Build.0 = Debug|Any CPU
		{85ACA942-D0EA-4CFE-A41A-74CC15DF2B30}.Release|Any CPU.ActiveCfg = Release|Any CPU
		{85ACA942-D0EA-4CFE-A41A-74CC15DF2B30}.Release|Any CPU.Build.0 = Release|Any CPU
	EndGlobalSection
	GlobalSection(SolutionProperties) = preSolution
		HideSolutionNode = FALSE
	EndGlobalSection
	GlobalSection(ExtensibilityGlobals) = postSolution
		SolutionGuid = {02BCC68C-F1E2-4E25-925C-24CDEFE36342}
	EndGlobalSection
EndGlobal
